{
  "version": 4,
  "terraform_version": "1.9.8",
  "serial": 192,
  "lineage": "b22ddce7-e3bf-8fc2-0ce3-dd92520432ee",
  "outputs": {
    "database_endpoint": {
      "value": "terraform-20241213034415434000000001.cdyxheigjvku.us-east-1.rds.amazonaws.com:5432",
      "type": "string"
    },
    "instance_public_ip": {
      "value": "52.207.240.59",
      "type": "string"
    }
  },
  "resources": [
    {
      "mode": "managed",
      "type": "aws_db_instance",
      "name": "cloudvision_db",
      "provider": "provider[\"registry.terraform.io/hashicorp/aws\"]",
      "instances": [
        {
          "schema_version": 1,
          "attributes": {
            "address": "terraform-20241213034415434000000001.cdyxheigjvku.us-east-1.rds.amazonaws.com",
            "allocated_storage": 20,
            "allow_major_version_upgrade": null,
            "apply_immediately": false,
            "arn": "arn:aws:rds:us-east-1:404143512883:db:terraform-20241213034415434000000001",
            "auto_minor_version_upgrade": true,
            "availability_zone": "us-east-1a",
            "backup_retention_period": 0,
            "backup_window": "07:56-08:26",
            "blue_green_update": [],
            "ca_cert_identifier": "rds-ca-rsa2048-g1",
            "character_set_name": "",
            "copy_tags_to_snapshot": false,
            "custom_iam_instance_profile": "",
            "customer_owned_ip_enabled": false,
            "db_name": "cloudvision_database",
            "db_subnet_group_name": "default",
            "delete_automated_backups": true,
            "deletion_protection": false,
            "domain": "",
            "domain_iam_role_name": "",
            "enabled_cloudwatch_logs_exports": null,
            "endpoint": "terraform-20241213034415434000000001.cdyxheigjvku.us-east-1.rds.amazonaws.com:5432",
            "engine": "postgres",
            "engine_version": "16.3",
            "engine_version_actual": "16.3",
            "final_snapshot_identifier": null,
            "hosted_zone_id": "Z2R2ITUGPM61AM",
            "iam_database_authentication_enabled": false,
            "id": "terraform-20241213034415434000000001",
            "identifier": "terraform-20241213034415434000000001",
            "identifier_prefix": "terraform-",
            "instance_class": "db.t3.micro",
            "iops": 0,
            "kms_key_id": "",
            "latest_restorable_time": "",
            "license_model": "postgresql-license",
            "listener_endpoint": [],
            "maintenance_window": "wed:04:10-wed:04:40",
            "manage_master_user_password": null,
            "master_user_secret": [],
            "master_user_secret_kms_key_id": null,
            "max_allocated_storage": 0,
            "monitoring_interval": 0,
            "monitoring_role_arn": "",
            "multi_az": false,
            "name": "cloudvision_database",
            "nchar_character_set_name": "",
            "network_type": "IPV4",
            "option_group_name": "default:postgres-16",
            "parameter_group_name": "default.postgres16",
            "password": "mypassword",
            "performance_insights_enabled": false,
            "performance_insights_kms_key_id": "",
            "performance_insights_retention_period": 0,
            "port": 5432,
            "publicly_accessible": true,
            "replica_mode": "",
            "replicas": [],
            "replicate_source_db": "",
            "resource_id": "db-B4AM4LTDQQMOYGJK4OWXQ5H4GE",
            "restore_to_point_in_time": [],
            "s3_import": [],
            "security_group_names": null,
            "skip_final_snapshot": true,
            "snapshot_identifier": null,
            "status": "available",
            "storage_encrypted": false,
            "storage_throughput": 0,
            "storage_type": "gp2",
            "tags": {
              "Name": "CloudVision-RDS"
            },
            "tags_all": {
              "Name": "CloudVision-RDS"
            },
            "timeouts": null,
            "timezone": "",
            "username": "cloudvision_user",
            "vpc_security_group_ids": [
              "sg-0da0587e16bc91ff1"
            ]
          },
          "sensitive_attributes": [
            [
              {
                "type": "get_attr",
                "value": "password"
              }
            ]
          ],
          "private": "eyJlMmJmYjczMC1lY2FhLTExZTYtOGY4OC0zNDM2M2JjN2M0YzAiOnsiY3JlYXRlIjoyNDAwMDAwMDAwMDAwLCJkZWxldGUiOjM2MDAwMDAwMDAwMDAsInVwZGF0ZSI6NDgwMDAwMDAwMDAwMH0sInNjaGVtYV92ZXJzaW9uIjoiMSJ9"
        }
      ]
    },
    {
      "mode": "managed",
      "type": "aws_instance",
      "name": "cloudvision_ec2",
      "provider": "provider[\"registry.terraform.io/hashicorp/aws\"]",
      "instances": [
        {
          "schema_version": 1,
          "attributes": {
            "ami": "ami-0c02fb55956c7d316",
            "arn": "arn:aws:ec2:us-east-1:404143512883:instance/i-07861ed00d2a360e8",
            "associate_public_ip_address": true,
            "availability_zone": "us-east-1b",
            "capacity_reservation_specification": [
              {
                "capacity_reservation_preference": "open",
                "capacity_reservation_target": []
              }
            ],
            "cpu_core_count": 1,
            "cpu_options": [
              {
                "amd_sev_snp": "",
                "core_count": 1,
                "threads_per_core": 2
              }
            ],
            "cpu_threads_per_core": 2,
            "credit_specification": [
              {
                "cpu_credits": "unlimited"
              }
            ],
            "disable_api_stop": false,
            "disable_api_termination": false,
            "ebs_block_device": [],
            "ebs_optimized": false,
            "enclave_options": [
              {
                "enabled": false
              }
            ],
            "ephemeral_block_device": [],
            "get_password_data": false,
            "hibernation": false,
            "host_id": "",
            "host_resource_group_arn": null,
            "iam_instance_profile": "",
            "id": "i-07861ed00d2a360e8",
            "instance_initiated_shutdown_behavior": "stop",
            "instance_state": "running",
            "instance_type": "t3.small",
            "ipv6_address_count": 0,
            "ipv6_addresses": [],
            "key_name": "generated-key-pair",
            "launch_template": [],
            "maintenance_options": [
              {
                "auto_recovery": "default"
              }
            ],
            "metadata_options": [
              {
                "http_endpoint": "enabled",
                "http_put_response_hop_limit": 1,
                "http_tokens": "optional",
                "instance_metadata_tags": "disabled"
              }
            ],
            "monitoring": false,
            "network_interface": [],
            "outpost_arn": "",
            "password_data": "",
            "placement_group": "",
            "placement_partition_number": 0,
            "primary_network_interface_id": "eni-0f33da7625fa76b2b",
            "private_dns": "ip-172-31-83-110.ec2.internal",
            "private_dns_name_options": [
              {
                "enable_resource_name_dns_a_record": false,
                "enable_resource_name_dns_aaaa_record": false,
                "hostname_type": "ip-name"
              }
            ],
            "private_ip": "172.31.83.110",
            "public_dns": "ec2-52-207-240-59.compute-1.amazonaws.com",
            "public_ip": "52.207.240.59",
            "root_block_device": [
              {
                "delete_on_termination": true,
                "device_name": "/dev/xvda",
                "encrypted": false,
                "iops": 100,
                "kms_key_id": "",
                "tags": {},
                "throughput": 0,
                "volume_id": "vol-05a845afe604b5077",
                "volume_size": 8,
                "volume_type": "gp2"
              }
            ],
            "secondary_private_ips": [],
            "security_groups": [
              "ec2-security-group"
            ],
            "source_dest_check": true,
            "subnet_id": "subnet-0737fde3c96faedcd",
            "tags": {
              "Name": "CloudVision-EC2"
            },
            "tags_all": {
              "Name": "CloudVision-EC2"
            },
            "tenancy": "default",
            "timeouts": null,
            "user_data": "bd7753c0b87d0615a779a9afb1f6062805bb4d6d",
            "user_data_base64": null,
            "user_data_replace_on_change": false,
            "volume_tags": null,
            "vpc_security_group_ids": [
              "sg-000efc09ab2b03f54"
            ]
          },
          "sensitive_attributes": [
            [
              {
                "type": "get_attr",
                "value": "user_data"
              }
            ]
          ],
          "private": "eyJlMmJmYjczMC1lY2FhLTExZTYtOGY4OC0zNDM2M2JjN2M0YzAiOnsiY3JlYXRlIjo2MDAwMDAwMDAwMDAsImRlbGV0ZSI6MTIwMDAwMDAwMDAwMCwidXBkYXRlIjo2MDAwMDAwMDAwMDB9LCJzY2hlbWFfdmVyc2lvbiI6IjEifQ==",
          "dependencies": [
            "aws_key_pair.generated_key_pair",
            "aws_security_group.ec2_sg",
            "tls_private_key.example"
          ]
        }
      ]
    },
    {
      "mode": "managed",
      "type": "aws_key_pair",
      "name": "generated_key_pair",
      "provider": "provider[\"registry.terraform.io/hashicorp/aws\"]",
      "instances": [
        {
          "schema_version": 1,
          "attributes": {
            "arn": "arn:aws:ec2:us-east-1:404143512883:key-pair/generated-key-pair",
            "fingerprint": "b0:04:eb:cf:bc:5b:31:66:14:98:1c:62:e9:b0:16:5e",
            "id": "generated-key-pair",
            "key_name": "generated-key-pair",
            "key_name_prefix": "",
            "key_pair_id": "key-08bd2f86c9e5e1f09",
            "key_type": "rsa",
            "public_key": "ssh-rsa AAAAB3NzaC1yc2EAAAADAQABAAABAQDKL+g59r/RmeZfmqbBj73sDiLbIl1KjD7X6eFA/rZt1XI3dCfBa9XZ2hVwgZnCltXUPUEyBX+DLF4EA55TtfLPfYxfWTqMa4/s991l8rNIzIAmw4lMOdgadX6kjLX69os+oiWfPI14zSyRLK214R+CCETvgD9uoDxkN+0+oPiphfuzlFbIpiY7nEgM7Xkh6F9OYb0UE9TIbGCewk0r0TtbrIlyMEM6sekfguQFiTtFkP7zHbghpOiObMw3CAzLOl2gyoeb8sQ0RMYeCDCcVtFa4tGH+CY2VQ0ni9tWSTAJLjg8+zg7iRBP86xS6oxs2zJFmlXSamzgcJ+j4SrEzshv",
            "tags": null,
            "tags_all": {}
          },
          "sensitive_attributes": [],
          "private": "eyJzY2hlbWFfdmVyc2lvbiI6IjEifQ==",
          "dependencies": [
            "tls_private_key.example"
          ]
        }
      ]
    },
    {
      "mode": "managed",
      "type": "aws_security_group",
      "name": "ec2_sg",
      "provider": "provider[\"registry.terraform.io/hashicorp/aws\"]",
      "instances": [
        {
          "schema_version": 1,
          "attributes": {
            "arn": "arn:aws:ec2:us-east-1:404143512883:security-group/sg-000efc09ab2b03f54",
            "description": "Allow HTTP and SSH access to EC2",
            "egress": [
              {
                "cidr_blocks": [
                  "0.0.0.0/0"
                ],
                "description": "",
                "from_port": 0,
                "ipv6_cidr_blocks": [],
                "prefix_list_ids": [],
                "protocol": "-1",
                "security_groups": [],
                "self": false,
                "to_port": 0
              }
            ],
            "id": "sg-000efc09ab2b03f54",
            "ingress": [
              {
                "cidr_blocks": [
                  "0.0.0.0/0"
                ],
                "description": "",
                "from_port": 22,
                "ipv6_cidr_blocks": [],
                "prefix_list_ids": [],
                "protocol": "tcp",
                "security_groups": [],
                "self": false,
                "to_port": 22
              },
              {
                "cidr_blocks": [
                  "0.0.0.0/0"
                ],
                "description": "",
                "from_port": 3000,
                "ipv6_cidr_blocks": [],
                "prefix_list_ids": [],
                "protocol": "tcp",
                "security_groups": [],
                "self": false,
                "to_port": 3000
              },
              {
                "cidr_blocks": [
                  "0.0.0.0/0"
                ],
                "description": "",
                "from_port": 5432,
                "ipv6_cidr_blocks": [],
                "prefix_list_ids": [],
                "protocol": "tcp",
                "security_groups": [],
                "self": false,
                "to_port": 5432
              }
            ],
            "name": "ec2-security-group",
            "name_prefix": "",
            "owner_id": "404143512883",
            "revoke_rules_on_delete": false,
            "tags": null,
            "tags_all": {},
            "timeouts": null,
            "vpc_id": "vpc-0fe0cc76dde5cd1ff"
          },
          "sensitive_attributes": [],
          "private": "eyJlMmJmYjczMC1lY2FhLTExZTYtOGY4OC0zNDM2M2JjN2M0YzAiOnsiY3JlYXRlIjo2MDAwMDAwMDAwMDAsImRlbGV0ZSI6OTAwMDAwMDAwMDAwfSwic2NoZW1hX3ZlcnNpb24iOiIxIn0="
        }
      ]
    },
    {
      "mode": "managed",
      "type": "local_file",
      "name": "private_key_file",
      "provider": "provider[\"registry.terraform.io/hashicorp/local\"]",
      "instances": [
        {
          "schema_version": 0,
          "attributes": {
            "content": "-----BEGIN RSA PRIVATE KEY-----\nMIIEpAIBAAKCAQEAyi/oOfa/0ZnmX5qmwY+97A4i2yJdSow+1+nhQP62bdVyN3Qn\nwWvV2doVcIGZwpbV1D1BMgV/gyxeBAOeU7Xyz32MX1k6jGuP7PfdZfKzSMyAJsOJ\nTDnYGnV+pIy1+vaLPqIlnzyNeM0skSytteEfgghE74A/bqA8ZDftPqD4qYX7s5RW\nyKYmO5xIDO15IehfTmG9FBPUyGxgnsJNK9E7W6yJcjBDOrHpH4LkBYk7RZD+8x24\nIaTojmzMNwgMyzpdoMqHm/LENETGHggwnFbRWuLRh/gmNlUNJ4vbVkkwCS44PPs4\nO4kQT/OsUuqMbNsyRZpV0mps4HCfo+EqxM7IbwIDAQABAoIBAQCVJTHRUEu/eh+O\ndq58KmSXNPZRX9AhpcLV0xjusPYxnzpZ3b1V2Q4vXchi7bdW651gqq7lD1k4kgno\nPCMW7SjoFlzuGQwveUj6LP2MrrPCB9igv60QJbtcCUAachHrxuKAmWvXQvu5GOC/\nVo3tlNuBOEhhw+EG4fyqkPbZNDU6FuLCcVoxwaDnmPlPQpteeZwKLb5XGBW26xYa\newxLDTrhJ8qoj7+96ejytMP6lpNGxFQYa0fqYV0tufF6H1bf6nhAtlRMxQjxVkRf\nhaZVB5rGIjhigowx3FiMkTH6Ve5DLk8syev7fCzANyckW281Djhw9rm0fZXTkUsr\nfm2/D7UBAoGBAM+4VZMyvLyYCo4NQbPRsMl2WqmHi6+nyLNOLlXtAto1leGHb3J2\noWOrgRMHwXubOl72leDDez0yy4pn8LNdCX7XoawveWHAZiCnoq230UsPLj4gZV3f\nN7ppuHqs2yTQscs2DqEj0chrBohewguXyPE1ZMX7HC0Va69eLY1gyL1/AoGBAPku\nWwm47P/aFJ+lzFWC8RRybnta7tmZdF+MjtirVRAINVlU5vumUSGJXsSVFm2fSKFG\nSbw5uUhRYfiKq6g6zCFHaLbOPbUG36zYafiFTOLe+a2EfeeJ3NV4Fjv069vlLRFA\nkxKt7z2/CHfQY+Cc06eg7QWtlPDdUyXAYGg9BU0RAoGAbl8tIVzZSoCjQx2qJqkp\n/bJktCXwxDIsA5JsLn4UgOvuKvry7eg5EyPDHuCFH2+40VLHCrn0Fu2Rl4ZpMHUk\nIYDkSAClx5oa6gkI+LNugyqa0KoYEowUKXoZax3EB8jYX/jmRxsoUg0EWJu5Eb3i\nKMDNPiGStCXopTMukyu1HnMCgYEAs9Zr5+lqSwFW7x3XCkQ1wB8Sc77eMXfaEHe+\nRMvq2WZDMpTfG/IeDck590DubfGOlq7G2q0CdxodTiau2vyMhNwny/+vc25hkjqi\nyLVUF0z7/+pmf+v00LAZw+3xJ8QQMapcOxgDWZn8/5QL8XjeHNY9GmL74papws5E\nBhc8MzECgYAyazy4o8uvK6rEA27XM7z4D4afxUbMQ2jT4PuxcrPgbcPWAS/L9FQN\nQIUHQRgTGHg4Fa3Vhma2xzX4xKc9+/tS05m8Ayky6isx1FWWwBlndksDshhW+U9R\ne0Tp5IlHxTJdlSDNUUHMwOl64N+ZMlKxoX6uvJo1ASztNhBoWo1jkQ==\n-----END RSA PRIVATE KEY-----\n",
            "content_base64": null,
            "content_base64sha256": "37jUISURIx2SKlfeBGeb8Ptajem5X73pxtx2AAB/TRc=",
            "content_base64sha512": "eLh7xVPBF8ku9ZTm4cSym7450FqVceHGmRzdGkjXC91HetZhYn4hTYzHPfJmqgTx5h0R3SrQQtSTGDnXIloEMA==",
            "content_md5": "a87677eacff6b2c50aa2fee42dc4aa28",
            "content_sha1": "08dfef5856e1f913e6f603f2213c2c42841defea",
            "content_sha256": "dfb8d4212511231d922a57de04679bf0fb5a8de9b95fbde9c6dc7600007f4d17",
            "content_sha512": "78b87bc553c117c92ef594e6e1c4b29bbe39d05a9571e1c6991cdd1a48d70bdd477ad661627e214d8cc73df266aa04f1e61d11dd2ad042d4931839d7225a0430",
            "directory_permission": "0777",
            "file_permission": "0400",
            "filename": "/Users/gayatridubey/Downloads/generated-key.pem",
            "id": "08dfef5856e1f913e6f603f2213c2c42841defea",
            "sensitive_content": null,
            "source": null
          },
          "sensitive_attributes": [
            [
              {
                "type": "get_attr",
                "value": "sensitive_content"
              }
            ],
            [
              {
                "type": "get_attr",
                "value": "content"
              }
            ]
          ],
          "dependencies": [
            "tls_private_key.example"
          ]
        }
      ]
    },
    {
      "mode": "managed",
      "type": "tls_private_key",
      "name": "example",
      "provider": "provider[\"registry.terraform.io/hashicorp/tls\"]",
      "instances": [
        {
          "schema_version": 1,
          "attributes": {
            "algorithm": "RSA",
            "ecdsa_curve": "P224",
            "id": "4390d2f213d364c65d01bf7fd1d47820cd21c7c3",
            "private_key_openssh": "-----BEGIN OPENSSH PRIVATE KEY-----\nb3BlbnNzaC1rZXktdjEAAAAABG5vbmUAAAAEbm9uZQAAAAAAAAABAAABFwAAAAdz\nc2gtcnNhAAAAAwEAAQAAAQEAyi/oOfa/0ZnmX5qmwY+97A4i2yJdSow+1+nhQP62\nbdVyN3QnwWvV2doVcIGZwpbV1D1BMgV/gyxeBAOeU7Xyz32MX1k6jGuP7PfdZfKz\nSMyAJsOJTDnYGnV+pIy1+vaLPqIlnzyNeM0skSytteEfgghE74A/bqA8ZDftPqD4\nqYX7s5RWyKYmO5xIDO15IehfTmG9FBPUyGxgnsJNK9E7W6yJcjBDOrHpH4LkBYk7\nRZD+8x24IaTojmzMNwgMyzpdoMqHm/LENETGHggwnFbRWuLRh/gmNlUNJ4vbVkkw\nCS44PPs4O4kQT/OsUuqMbNsyRZpV0mps4HCfo+EqxM7IbwAAA7gZ/97wGf/e8AAA\nAAdzc2gtcnNhAAABAQDKL+g59r/RmeZfmqbBj73sDiLbIl1KjD7X6eFA/rZt1XI3\ndCfBa9XZ2hVwgZnCltXUPUEyBX+DLF4EA55TtfLPfYxfWTqMa4/s991l8rNIzIAm\nw4lMOdgadX6kjLX69os+oiWfPI14zSyRLK214R+CCETvgD9uoDxkN+0+oPiphfuz\nlFbIpiY7nEgM7Xkh6F9OYb0UE9TIbGCewk0r0TtbrIlyMEM6sekfguQFiTtFkP7z\nHbghpOiObMw3CAzLOl2gyoeb8sQ0RMYeCDCcVtFa4tGH+CY2VQ0ni9tWSTAJLjg8\n+zg7iRBP86xS6oxs2zJFmlXSamzgcJ+j4SrEzshvAAAAAwEAAQAAAQEAlSUx0VBL\nv3ofjnaufCpklzT2UV/QIaXC1dMY7rD2MZ86Wd29VdkOL13IYu23VuudYKqu5Q9Z\nOJIJ6DwjFu0o6BZc7hkML3lI+iz9jK6zwgfYoL+tECW7XAlAGnIR68bigJlr10L7\nuRjgv1aN7ZTbgThIYcPhBuH8qpD22TQ1OhbiwnFaMcGg55j5T0KbXnmcCi2+VxgV\ntusWGnsMSw064SfKqI+/veno8rTD+paTRsRUGGtH6mFdLbnxeh9W3+p4QLZUTMUI\n8VZEX4WmVQeaxiI4YoKMMdxYjJEx+lXuQy5PLMnr+3wswDcnJFtvNQ44cPa5tH2V\n05FLK35tvw+1AQAAAIAyazy4o8uvK6rEA27XM7z4D4afxUbMQ2jT4PuxcrPgbcPW\nAS/L9FQNQIUHQRgTGHg4Fa3Vhma2xzX4xKc9+/tS05m8Ayky6isx1FWWwBlndksD\nshhW+U9Re0Tp5IlHxTJdlSDNUUHMwOl64N+ZMlKxoX6uvJo1ASztNhBoWo1jkQAA\nAIEAz7hVkzK8vJgKjg1Bs9GwyXZaqYeLr6fIs04uVe0C2jWV4YdvcnahY6uBEwfB\ne5s6XvaV4MN7PTLLimfws10JftehrC95YcBmIKeirbfRSw8uPiBlXd83umm4eqzb\nJNCxyzYOoSPRyGsGiF7CC5fI8TVkxfscLRVrr14tjWDIvX8AAACBAPkuWwm47P/a\nFJ+lzFWC8RRybnta7tmZdF+MjtirVRAINVlU5vumUSGJXsSVFm2fSKFGSbw5uUhR\nYfiKq6g6zCFHaLbOPbUG36zYafiFTOLe+a2EfeeJ3NV4Fjv069vlLRFAkxKt7z2/\nCHfQY+Cc06eg7QWtlPDdUyXAYGg9BU0RAAAAAAEC\n-----END OPENSSH PRIVATE KEY-----\n",
            "private_key_pem": "-----BEGIN RSA PRIVATE KEY-----\nMIIEpAIBAAKCAQEAyi/oOfa/0ZnmX5qmwY+97A4i2yJdSow+1+nhQP62bdVyN3Qn\nwWvV2doVcIGZwpbV1D1BMgV/gyxeBAOeU7Xyz32MX1k6jGuP7PfdZfKzSMyAJsOJ\nTDnYGnV+pIy1+vaLPqIlnzyNeM0skSytteEfgghE74A/bqA8ZDftPqD4qYX7s5RW\nyKYmO5xIDO15IehfTmG9FBPUyGxgnsJNK9E7W6yJcjBDOrHpH4LkBYk7RZD+8x24\nIaTojmzMNwgMyzpdoMqHm/LENETGHggwnFbRWuLRh/gmNlUNJ4vbVkkwCS44PPs4\nO4kQT/OsUuqMbNsyRZpV0mps4HCfo+EqxM7IbwIDAQABAoIBAQCVJTHRUEu/eh+O\ndq58KmSXNPZRX9AhpcLV0xjusPYxnzpZ3b1V2Q4vXchi7bdW651gqq7lD1k4kgno\nPCMW7SjoFlzuGQwveUj6LP2MrrPCB9igv60QJbtcCUAachHrxuKAmWvXQvu5GOC/\nVo3tlNuBOEhhw+EG4fyqkPbZNDU6FuLCcVoxwaDnmPlPQpteeZwKLb5XGBW26xYa\newxLDTrhJ8qoj7+96ejytMP6lpNGxFQYa0fqYV0tufF6H1bf6nhAtlRMxQjxVkRf\nhaZVB5rGIjhigowx3FiMkTH6Ve5DLk8syev7fCzANyckW281Djhw9rm0fZXTkUsr\nfm2/D7UBAoGBAM+4VZMyvLyYCo4NQbPRsMl2WqmHi6+nyLNOLlXtAto1leGHb3J2\noWOrgRMHwXubOl72leDDez0yy4pn8LNdCX7XoawveWHAZiCnoq230UsPLj4gZV3f\nN7ppuHqs2yTQscs2DqEj0chrBohewguXyPE1ZMX7HC0Va69eLY1gyL1/AoGBAPku\nWwm47P/aFJ+lzFWC8RRybnta7tmZdF+MjtirVRAINVlU5vumUSGJXsSVFm2fSKFG\nSbw5uUhRYfiKq6g6zCFHaLbOPbUG36zYafiFTOLe+a2EfeeJ3NV4Fjv069vlLRFA\nkxKt7z2/CHfQY+Cc06eg7QWtlPDdUyXAYGg9BU0RAoGAbl8tIVzZSoCjQx2qJqkp\n/bJktCXwxDIsA5JsLn4UgOvuKvry7eg5EyPDHuCFH2+40VLHCrn0Fu2Rl4ZpMHUk\nIYDkSAClx5oa6gkI+LNugyqa0KoYEowUKXoZax3EB8jYX/jmRxsoUg0EWJu5Eb3i\nKMDNPiGStCXopTMukyu1HnMCgYEAs9Zr5+lqSwFW7x3XCkQ1wB8Sc77eMXfaEHe+\nRMvq2WZDMpTfG/IeDck590DubfGOlq7G2q0CdxodTiau2vyMhNwny/+vc25hkjqi\nyLVUF0z7/+pmf+v00LAZw+3xJ8QQMapcOxgDWZn8/5QL8XjeHNY9GmL74papws5E\nBhc8MzECgYAyazy4o8uvK6rEA27XM7z4D4afxUbMQ2jT4PuxcrPgbcPWAS/L9FQN\nQIUHQRgTGHg4Fa3Vhma2xzX4xKc9+/tS05m8Ayky6isx1FWWwBlndksDshhW+U9R\ne0Tp5IlHxTJdlSDNUUHMwOl64N+ZMlKxoX6uvJo1ASztNhBoWo1jkQ==\n-----END RSA PRIVATE KEY-----\n",
            "private_key_pem_pkcs8": "-----BEGIN PRIVATE KEY-----\nMIIEvgIBADANBgkqhkiG9w0BAQEFAASCBKgwggSkAgEAAoIBAQDKL+g59r/RmeZf\nmqbBj73sDiLbIl1KjD7X6eFA/rZt1XI3dCfBa9XZ2hVwgZnCltXUPUEyBX+DLF4E\nA55TtfLPfYxfWTqMa4/s991l8rNIzIAmw4lMOdgadX6kjLX69os+oiWfPI14zSyR\nLK214R+CCETvgD9uoDxkN+0+oPiphfuzlFbIpiY7nEgM7Xkh6F9OYb0UE9TIbGCe\nwk0r0TtbrIlyMEM6sekfguQFiTtFkP7zHbghpOiObMw3CAzLOl2gyoeb8sQ0RMYe\nCDCcVtFa4tGH+CY2VQ0ni9tWSTAJLjg8+zg7iRBP86xS6oxs2zJFmlXSamzgcJ+j\n4SrEzshvAgMBAAECggEBAJUlMdFQS796H452rnwqZJc09lFf0CGlwtXTGO6w9jGf\nOlndvVXZDi9dyGLtt1brnWCqruUPWTiSCeg8IxbtKOgWXO4ZDC95SPos/Yyus8IH\n2KC/rRAlu1wJQBpyEevG4oCZa9dC+7kY4L9Wje2U24E4SGHD4Qbh/KqQ9tk0NToW\n4sJxWjHBoOeY+U9Cm155nAotvlcYFbbrFhp7DEsNOuEnyqiPv73p6PK0w/qWk0bE\nVBhrR+phXS258XofVt/qeEC2VEzFCPFWRF+FplUHmsYiOGKCjDHcWIyRMfpV7kMu\nTyzJ6/t8LMA3JyRbbzUOOHD2ubR9ldORSyt+bb8PtQECgYEAz7hVkzK8vJgKjg1B\ns9GwyXZaqYeLr6fIs04uVe0C2jWV4YdvcnahY6uBEwfBe5s6XvaV4MN7PTLLimfw\ns10JftehrC95YcBmIKeirbfRSw8uPiBlXd83umm4eqzbJNCxyzYOoSPRyGsGiF7C\nC5fI8TVkxfscLRVrr14tjWDIvX8CgYEA+S5bCbjs/9oUn6XMVYLxFHJue1ru2Zl0\nX4yO2KtVEAg1WVTm+6ZRIYlexJUWbZ9IoUZJvDm5SFFh+IqrqDrMIUdots49tQbf\nrNhp+IVM4t75rYR954nc1XgWO/Tr2+UtEUCTEq3vPb8Id9Bj4JzTp6DtBa2U8N1T\nJcBgaD0FTRECgYBuXy0hXNlKgKNDHaomqSn9smS0JfDEMiwDkmwufhSA6+4q+vLt\n6DkTI8Me4IUfb7jRUscKufQW7ZGXhmkwdSQhgORIAKXHmhrqCQj4s26DKprQqhgS\njBQpehlrHcQHyNhf+OZHGyhSDQRYm7kRveIowM0+IZK0JeilMy6TK7UecwKBgQCz\n1mvn6WpLAVbvHdcKRDXAHxJzvt4xd9oQd75Ey+rZZkMylN8b8h4NyTn3QO5t8Y6W\nrsbarQJ3Gh1OJq7a/IyE3CfL/69zbmGSOqLItVQXTPv/6mZ/6/TQsBnD7fEnxBAx\nqlw7GANZmfz/lAvxeN4c1j0aYvvilqnCzkQGFzwzMQKBgDJrPLijy68rqsQDbtcz\nvPgPhp/FRsxDaNPg+7Fys+Btw9YBL8v0VA1AhQdBGBMYeDgVrdWGZrbHNfjEpz37\n+1LTmbwDKTLqKzHUVZbAGWd2SwOyGFb5T1F7ROnkiUfFMl2VIM1RQczA6Xrg35ky\nUrGhfq68mjUBLO02EGhajWOR\n-----END PRIVATE KEY-----\n",
            "public_key_fingerprint_md5": "02:fc:3c:21:b0:d4:d3:db:e2:1b:a7:71:7c:53:a5:b2",
            "public_key_fingerprint_sha256": "SHA256:H1HLmgj+Koj5U9d22JdlXONcKTohFDsAhM+zouj66U4",
            "public_key_openssh": "ssh-rsa AAAAB3NzaC1yc2EAAAADAQABAAABAQDKL+g59r/RmeZfmqbBj73sDiLbIl1KjD7X6eFA/rZt1XI3dCfBa9XZ2hVwgZnCltXUPUEyBX+DLF4EA55TtfLPfYxfWTqMa4/s991l8rNIzIAmw4lMOdgadX6kjLX69os+oiWfPI14zSyRLK214R+CCETvgD9uoDxkN+0+oPiphfuzlFbIpiY7nEgM7Xkh6F9OYb0UE9TIbGCewk0r0TtbrIlyMEM6sekfguQFiTtFkP7zHbghpOiObMw3CAzLOl2gyoeb8sQ0RMYeCDCcVtFa4tGH+CY2VQ0ni9tWSTAJLjg8+zg7iRBP86xS6oxs2zJFmlXSamzgcJ+j4SrEzshv\n",
            "public_key_pem": "-----BEGIN PUBLIC KEY-----\nMIIBIjANBgkqhkiG9w0BAQEFAAOCAQ8AMIIBCgKCAQEAyi/oOfa/0ZnmX5qmwY+9\n7A4i2yJdSow+1+nhQP62bdVyN3QnwWvV2doVcIGZwpbV1D1BMgV/gyxeBAOeU7Xy\nz32MX1k6jGuP7PfdZfKzSMyAJsOJTDnYGnV+pIy1+vaLPqIlnzyNeM0skSytteEf\ngghE74A/bqA8ZDftPqD4qYX7s5RWyKYmO5xIDO15IehfTmG9FBPUyGxgnsJNK9E7\nW6yJcjBDOrHpH4LkBYk7RZD+8x24IaTojmzMNwgMyzpdoMqHm/LENETGHggwnFbR\nWuLRh/gmNlUNJ4vbVkkwCS44PPs4O4kQT/OsUuqMbNsyRZpV0mps4HCfo+EqxM7I\nbwIDAQAB\n-----END PUBLIC KEY-----\n",
            "rsa_bits": 2048
          },
          "sensitive_attributes": [
            [
              {
                "type": "get_attr",
                "value": "private_key_pem"
              }
            ],
            [
              {
                "type": "get_attr",
                "value": "private_key_pem_pkcs8"
              }
            ],
            [
              {
                "type": "get_attr",
                "value": "private_key_openssh"
              }
            ]
          ]
        }
      ]
    }
  ],
  "check_results": null
}
